
Microsoft Visual Studio Solution File, Format Version 12.00
# Visual Studio Version 16
VisualStudioVersion = 16.0.30523.141
MinimumVisualStudioVersion = 10.0.40219.1
Project("{FAE04EC0-301F-11D3-BF4B-00C04F79EFBC}") = "TravelApplication", "TravelApplication\TravelApplication.csproj", "{CF0DDE9C-8778-45BE-B0F2-E19CE02D33EE}"
EndProject
Global
	GlobalSection(SolutionConfigurationPlatforms) = preSolution
		Debug|Any CPU = Debug|Any CPU
		Release|Any CPU = Release|Any CPU
	EndGlobalSection
	GlobalSection(ProjectConfigurationPlatforms) = postSolution
		{CF0DDE9C-8778-45BE-B0F2-E19CE02D33EE}.Debug|Any CPU.ActiveCfg = Debug|Any CPU
		{CF0DDE9C-8778-45BE-B0F2-E19CE02D33EE}.Debug|Any CPU.Build.0 = Debug|Any CPU
		{CF0DDE9C-8778-45BE-B0F2-E19CE02D33EE}.Release|Any CPU.ActiveCfg = Release|Any CPU
		{CF0DDE9C-8778-45BE-B0F2-E19CE02D33EE}.Release|Any CPU.Build.0 = Release|Any CPU
	EndGlobalSection
	GlobalSection(SolutionProperties) = preSolution
		HideSolutionNode = FALSE
	EndGlobalSection
	GlobalSection(ExtensibilityGlobals) = postSolution
		SolutionGuid = {2DE99E22-4053-4CA1-BAAF-E1E48517B837}
	EndGlobalSection
EndGlobal
